{
  "name": "06_prac",
  "lockfileVersion": 2,
  "requires": true,
  "packages": {
    "": {
      "dependencies": {
        "@types/faker": "^5.5.8",
        "@types/googlemaps": "^3.43.3",
        "faker": "^5.5.3"
      },
      "devDependencies": {
        "typescript": "^4.3.5"
      }
    },
    "node_modules/@types/faker": {
      "version": "5.5.8",
      "resolved": "https://registry.npmjs.org/@types/faker/-/faker-5.5.8.tgz",
      "integrity": "sha512-bsl0rYsaZVHlZkynL5O04q6YXDmVjcid6MbOHWqvtE2WWs/EKhp0qchDDhVWlWyQXUffX1G83X9LnMxRl8S/Mw=="
    },
    "node_modules/@types/googlemaps": {
      "version": "3.43.3",
      "resolved": "https://registry.npmjs.org/@types/googlemaps/-/googlemaps-3.43.3.tgz",
      "integrity": "sha512-ZWNoz/O8MPEpiajvj7QiqCY8tTLFNqNZ/a+s+zTV58wFVNAvvqV4bdGfnsjTb5Cs4V6wEsLrX8XRhmnyYJ2Tdg==",
      "deprecated": "Types for the Google Maps browser API have moved to @types/google.maps. Note: these types are not for the googlemaps npm package, which is a Node API."
    },
    "node_modules/faker": {
      "version": "5.5.3",
      "resolved": "https://registry.npmjs.org/faker/-/faker-5.5.3.tgz",
      "integrity": "sha512-wLTv2a28wjUyWkbnX7u/ABZBkUkIF2fCd73V6P2oFqEGEktDfzWx4UxrSqtPRw0xPRAcjeAOIiJWqZm3pP4u3g=="
    },
    "node_modules/typescript": {
      "version": "4.3.5",
      "resolved": "https://registry.npmjs.org/typescript/-/typescript-4.3.5.tgz",
      "integrity": "sha512-DqQgihaQ9cUrskJo9kIyW/+g0Vxsk8cDtZ52a3NGh0YNTfpUSArXSohyUGnvbPazEPLu398C0UxmKSOrPumUzA==",
      "dev": true,
      "bin": {
        "tsc": "bin/tsc",
        "tsserver": "bin/tsserver"
      },
      "engines": {
        "node": ">=4.2.0"
      }
    }
  },
  "dependencies": {
    "@types/faker": {
      "version": "5.5.8",
      "resolved": "https://registry.npmjs.org/@types/faker/-/faker-5.5.8.tgz",
      "integrity": "sha512-bsl0rYsaZVHlZkynL5O04q6YXDmVjcid6MbOHWqvtE2WWs/EKhp0qchDDhVWlWyQXUffX1G83X9LnMxRl8S/Mw=="
    },
    "@types/googlemaps": {
      "version": "3.43.3",
      "resolved": "https://registry.npmjs.org/@types/googlemaps/-/googlemaps-3.43.3.tgz",
      "integrity": "sha512-ZWNoz/O8MPEpiajvj7QiqCY8tTLFNqNZ/a+s+zTV58wFVNAvvqV4bdGfnsjTb5Cs4V6wEsLrX8XRhmnyYJ2Tdg=="
    },
    "faker": {
      "version": "5.5.3",
      "resolved": "https://registry.npmjs.org/faker/-/faker-5.5.3.tgz",
      "integrity": "sha512-wLTv2a28wjUyWkbnX7u/ABZBkUkIF2fCd73V6P2oFqEGEktDfzWx4UxrSqtPRw0xPRAcjeAOIiJWqZm3pP4u3g=="
    },
    "typescript": {
      "version": "4.3.5",
      "resolved": "https://registry.npmjs.org/typescript/-/typescript-4.3.5.tgz",
      "integrity": "sha512-DqQgihaQ9cUrskJo9kIyW/+g0Vxsk8cDtZ52a3NGh0YNTfpUSArXSohyUGnvbPazEPLu398C0UxmKSOrPumUzA==",
      "dev": true
    }
  }
}
